
Microsoft Visual Studio Solution File, Format Version 12.00
# Visual Studio Version 17
VisualStudioVersion = 17.8.34330.188
MinimumVisualStudioVersion = 10.0.40219.1
Project("{FAE04EC0-301F-11D3-BF4B-00C04F79EFBC}") = "WebBanSach", "WebBanSach.csproj", "{90B957E0-5621-47CD-8C77-231E50FE7C26}"
EndProject
Global
	GlobalSection(SolutionConfigurationPlatforms) = preSolution
		Debug|Any CPU = Debug|Any CPU
		Release|Any CPU = Release|Any CPU
	EndGlobalSection
	GlobalSection(ProjectConfigurationPlatforms) = postSolution
		{90B957E0-5621-47CD-8C77-231E50FE7C26}.Debug|Any CPU.ActiveCfg = Debug|Any CPU
		{90B957E0-5621-47CD-8C77-231E50FE7C26}.Debug|Any CPU.Build.0 = Debug|Any CPU
		{90B957E0-5621-47CD-8C77-231E50FE7C26}.Release|Any CPU.ActiveCfg = Release|Any CPU
		{90B957E0-5621-47CD-8C77-231E50FE7C26}.Release|Any CPU.Build.0 = Release|Any CPU
	EndGlobalSection
	GlobalSection(SolutionProperties) = preSolution
		HideSolutionNode = FALSE
	EndGlobalSection
	GlobalSection(ExtensibilityGlobals) = postSolution
		SolutionGuid = {EA38B3E4-3E46-4732-9F9E-73F91F3A549C}
	EndGlobalSection
EndGlobal
